PODS:
  - libPhoneNumber-iOS (0.9.15)
  - shared (1.0)

DEPENDENCIES:
  - libPhoneNumber-iOS
  - shared (from `../shared`)

SPEC REPOS:
  trunk:
    - libPhoneNumber-iOS

EXTERNAL SOURCES:
  shared:
    :path: "../shared"

SPEC CHECKSUMS:
  libPhoneNumber-iOS: 0a32a9525cf8744fe02c5206eb30d571e38f7d75
  shared: 5ab74bfe247eb2d97e15a7cc4aff2f0865776e1c

PODFILE CHECKSUM: 327e733efc118b118d4d7387cb1a3b32fd409a3c

COCOAPODS: 1.15.2
